// !$*UTF8*$!
{
	archiveVersion = 1;
	classes = {
	};
	objectVersion = 56;
	objects = {

/* Begin PBXBuildFile section */
		1D01C5C02AD9AAEA00C8AB00 /* RestaurantsViewController.swift in Sources */ = {isa = PBXBuildFile; fileRef = 1D01C5BF2AD9AAEA00C8AB00 /* RestaurantsViewController.swift */; };
		1D04BB0D2AB4BA1400D0D66D /* AppDelegate.swift in Sources */ = {isa = PBXBuildFile; fileRef = 1D04BB0C2AB4BA1400D0D66D /* AppDelegate.swift */; };
		1D04BB0F2AB4BA1400D0D66D /* SceneDelegate.swift in Sources */ = {isa = PBXBuildFile; fileRef = 1D04BB0E2AB4BA1400D0D66D /* SceneDelegate.swift */; };
		1D04BB142AB4BA1400D0D66D /* Main.storyboard in Resources */ = {isa = PBXBuildFile; fileRef = 1D04BB122AB4BA1400D0D66D /* Main.storyboard */; };
		1D04BB162AB4BA1600D0D66D /* Assets.xcassets in Resources */ = {isa = PBXBuildFile; fileRef = 1D04BB152AB4BA1600D0D66D /* Assets.xcassets */; };
		1D04BB192AB4BA1600D0D66D /* LaunchScreen.storyboard in Resources */ = {isa = PBXBuildFile; fileRef = 1D04BB172AB4BA1600D0D66D /* LaunchScreen.storyboard */; };
		1D16E4912AB6285000894BF9 /* FirebaseAnalytics in Frameworks */ = {isa = PBXBuildFile; productRef = 1D16E4902AB6285000894BF9 /* FirebaseAnalytics */; };
		1D16E4932AB6285000894BF9 /* FirebaseAuth in Frameworks */ = {isa = PBXBuildFile; productRef = 1D16E4922AB6285000894BF9 /* FirebaseAuth */; };
		1D16E4952AB6285000894BF9 /* FirebaseDatabase in Frameworks */ = {isa = PBXBuildFile; productRef = 1D16E4942AB6285000894BF9 /* FirebaseDatabase */; };
		1D16E4972AB6285000894BF9 /* FirebaseFirestore in Frameworks */ = {isa = PBXBuildFile; productRef = 1D16E4962AB6285000894BF9 /* FirebaseFirestore */; };
		1D16E4992AB6285000894BF9 /* FirebaseFunctions in Frameworks */ = {isa = PBXBuildFile; productRef = 1D16E4982AB6285000894BF9 /* FirebaseFunctions */; };
		1D16E49B2AB6285000894BF9 /* FirebaseInstallations in Frameworks */ = {isa = PBXBuildFile; productRef = 1D16E49A2AB6285000894BF9 /* FirebaseInstallations */; };
		1D16E49D2AB6285000894BF9 /* FirebaseStorage in Frameworks */ = {isa = PBXBuildFile; productRef = 1D16E49C2AB6285000894BF9 /* FirebaseStorage */; };
		1D16E49F2AB629AA00894BF9 /* GoogleService-Info.plist in Resources */ = {isa = PBXBuildFile; fileRef = 1D16E49E2AB629A900894BF9 /* GoogleService-Info.plist */; };
		1D16E4A12AB629FE00894BF9 /* KeyboardHide.swift in Sources */ = {isa = PBXBuildFile; fileRef = 1D16E4A02AB629FE00894BF9 /* KeyboardHide.swift */; };
		1D1E1F7F2AF64DAF00426D43 /* Menu.swift in Sources */ = {isa = PBXBuildFile; fileRef = 1D1E1F7E2AF64DAF00426D43 /* Menu.swift */; };
		1D29E1982AB5704100F60BA4 /* DesignableTextField.swift in Sources */ = {isa = PBXBuildFile; fileRef = 1D29E1972AB5704100F60BA4 /* DesignableTextField.swift */; };
		1D29E19A2AB5985300F60BA4 /* LoginViewController.swift in Sources */ = {isa = PBXBuildFile; fileRef = 1D29E1992AB5985300F60BA4 /* LoginViewController.swift */; };
		1D2E8EFA2AD2AB9100A37600 /* SettingsViewController.swift in Sources */ = {isa = PBXBuildFile; fileRef = 1D2E8EF92AD2AB9100A37600 /* SettingsViewController.swift */; };
		1D3EDCFC2ADD8143009201B1 /* MenuCollectionViewCell.swift in Sources */ = {isa = PBXBuildFile; fileRef = 1D3EDCFB2ADD8143009201B1 /* MenuCollectionViewCell.swift */; };
		1D3EDCFE2ADD814B009201B1 /* ReviewsCollectionViewCell.swift in Sources */ = {isa = PBXBuildFile; fileRef = 1D3EDCFD2ADD814B009201B1 /* ReviewsCollectionViewCell.swift */; };
		1D3EDD002ADD93CE009201B1 /* CategoryViewController.swift in Sources */ = {isa = PBXBuildFile; fileRef = 1D3EDCFF2ADD93CE009201B1 /* CategoryViewController.swift */; };
		1D4610992AB5DD370036B032 /* LocationViewController.swift in Sources */ = {isa = PBXBuildFile; fileRef = 1D4610982AB5DD370036B032 /* LocationViewController.swift */; };
		1D46109B2AB5DD470036B032 /* HomeViewController.swift in Sources */ = {isa = PBXBuildFile; fileRef = 1D46109A2AB5DD470036B032 /* HomeViewController.swift */; };
		1D4E44512ACDC140004B4A75 /* FriendsViewController.swift in Sources */ = {isa = PBXBuildFile; fileRef = 1D4E44502ACDC140004B4A75 /* FriendsViewController.swift */; };
		1D4E44532ACDDC19004B4A75 /* ProfileViewController.swift in Sources */ = {isa = PBXBuildFile; fileRef = 1D4E44522ACDDC19004B4A75 /* ProfileViewController.swift */; };
		1D74CC892AC89C830004CADF /* TrendingViewController.swift in Sources */ = {isa = PBXBuildFile; fileRef = 1D74CC882AC89C830004CADF /* TrendingViewController.swift */; };
		1D78D3AF2ACD2CAB00747419 /* CategoriesViewController.swift in Sources */ = {isa = PBXBuildFile; fileRef = 1D78D3AE2ACD2CAB00747419 /* CategoriesViewController.swift */; };
		1D8CED872AC54BEC00E75660 /* JosefinSans-Medium.ttf in Resources */ = {isa = PBXBuildFile; fileRef = 1D8CED862AC54BEC00E75660 /* JosefinSans-Medium.ttf */; };
		1D93320F2ADD585100FB7FAD /* PasswordChangeViewController.swift in Sources */ = {isa = PBXBuildFile; fileRef = 1D93320E2ADD585100FB7FAD /* PasswordChangeViewController.swift */; };
		1D93F3E42AB5C76B00F8969D /* ForgotPasswordViewController.swift in Sources */ = {isa = PBXBuildFile; fileRef = 1D93F3E32AB5C76B00F8969D /* ForgotPasswordViewController.swift */; };
		1D93F3E72AB5CBE000F8969D /* RegisterViewController.swift in Sources */ = {isa = PBXBuildFile; fileRef = 1D93F3E62AB5CBE000F8969D /* RegisterViewController.swift */; };
		1D984B1D2ABE11DF00931A0F /* TrendingCollectionViewCell.swift in Sources */ = {isa = PBXBuildFile; fileRef = 1D984B1C2ABE11DF00931A0F /* TrendingCollectionViewCell.swift */; };
		1D984B1F2ABE1C8B00931A0F /* Restaurants.swift in Sources */ = {isa = PBXBuildFile; fileRef = 1D984B1E2ABE1C8B00931A0F /* Restaurants.swift */; };
		1D9F4B402AC1F024003BFFDD /* FriendsCollectionViewCell.swift in Sources */ = {isa = PBXBuildFile; fileRef = 1D9F4B3F2AC1F024003BFFDD /* FriendsCollectionViewCell.swift */; };
		1D9FDECE2ACC5F87004FE68A /* ViewMove.swift in Sources */ = {isa = PBXBuildFile; fileRef = 1D9FDECD2ACC5F87004FE68A /* ViewMove.swift */; };
		1DA6D6E72AE221A70001798F /* ReviewViewController.swift in Sources */ = {isa = PBXBuildFile; fileRef = 1DA6D6E62AE221A70001798F /* ReviewViewController.swift */; };
		1DA9C8642ABB07B9007E5880 /* CategoryCollectionViewCell.swift in Sources */ = {isa = PBXBuildFile; fileRef = 1DA9C8632ABB07B9007E5880 /* CategoryCollectionViewCell.swift */; };
		1DA9C8662ABB16A1007E5880 /* HomeTabBarViewController.swift in Sources */ = {isa = PBXBuildFile; fileRef = 1DA9C8652ABB16A1007E5880 /* HomeTabBarViewController.swift */; };
		1DB804D52AF68235006DACDB /* MenuViewController.swift in Sources */ = {isa = PBXBuildFile; fileRef = 1DB804D42AF68235006DACDB /* MenuViewController.swift */; };
		1DB804D72AF68240006DACDB /* ReviewsViewController.swift in Sources */ = {isa = PBXBuildFile; fileRef = 1DB804D62AF68240006DACDB /* ReviewsViewController.swift */; };
		1DC02BAC2AB59B2300F38D15 /* JosefinSans-SemiBold.ttf in Resources */ = {isa = PBXBuildFile; fileRef = 1D04BB222AB4BEBB00D0D66D /* JosefinSans-SemiBold.ttf */; };
		1DC02BAD2AB59B2600F38D15 /* JosefinSans-Bold.ttf in Resources */ = {isa = PBXBuildFile; fileRef = 1D04BB232AB4BEBB00D0D66D /* JosefinSans-Bold.ttf */; };
		1DC02BAE2AB59B2900F38D15 /* JosefinSans-Regular.ttf in Resources */ = {isa = PBXBuildFile; fileRef = 1D04BB212AB4BEBB00D0D66D /* JosefinSans-Regular.ttf */; };
		1DC02BB02AB5C33900F38D15 /* JosefinSans-Light.ttf in Resources */ = {isa = PBXBuildFile; fileRef = 1DC02BAF2AB5C33900F38D15 /* JosefinSans-Light.ttf */; };
		1DC774002AF2B25D00457B60 /* UserIDClass.swift in Sources */ = {isa = PBXBuildFile; fileRef = 1DC773FF2AF2B25D00457B60 /* UserIDClass.swift */; };
		1DD5B8462ADCD61000128EE5 /* NameChangeViewController.swift in Sources */ = {isa = PBXBuildFile; fileRef = 1DD5B8452ADCD61000128EE5 /* NameChangeViewController.swift */; };
		1DD5B8482ADCD61B00128EE5 /* EmailChangeViewController.swift in Sources */ = {isa = PBXBuildFile; fileRef = 1DD5B8472ADCD61B00128EE5 /* EmailChangeViewController.swift */; };
		1DD6FF9A2AF0A08200895D3E /* StarRatingStackView.swift in Sources */ = {isa = PBXBuildFile; fileRef = 1DD6FF992AF0A08200895D3E /* StarRatingStackView.swift */; };
		1DD6FF9C2AF0C68F00895D3E /* PaddedTextView.swift in Sources */ = {isa = PBXBuildFile; fileRef = 1DD6FF9B2AF0C68F00895D3E /* PaddedTextView.swift */; };
		1DDE694B2AF76CF5004C82FC /* FullScreenImage.swift in Sources */ = {isa = PBXBuildFile; fileRef = 1DDE694A2AF76CF5004C82FC /* FullScreenImage.swift */; };
		1DF1A6132AEFA29E00D30B8D /* PaddedTextField.swift in Sources */ = {isa = PBXBuildFile; fileRef = 1DF1A6122AEFA29E00D30B8D /* PaddedTextField.swift */; };
/* End PBXBuildFile section */

/* Begin PBXFileReference section */
		1D01C5BF2AD9AAEA00C8AB00 /* RestaurantsViewController.swift */ = {isa = PBXFileReference; lastKnownFileType = sourcecode.swift; path = RestaurantsViewController.swift; sourceTree = "<group>"; };
		1D04BB092AB4BA1400D0D66D /* FoodyBite.app */ = {isa = PBXFileReference; explicitFileType = wrapper.application; includeInIndex = 0; path = FoodyBite.app; sourceTree = BUILT_PRODUCTS_DIR; };
		1D04BB0C2AB4BA1400D0D66D /* AppDelegate.swift */ = {isa = PBXFileReference; lastKnownFileType = sourcecode.swift; path = AppDelegate.swift; sourceTree = "<group>"; };
		1D04BB0E2AB4BA1400D0D66D /* SceneDelegate.swift */ = {isa = PBXFileReference; lastKnownFileType = sourcecode.swift; path = SceneDelegate.swift; sourceTree = "<group>"; };
		1D04BB132AB4BA1400D0D66D /* Base */ = {isa = PBXFileReference; lastKnownFileType = file.storyboard; name = Base; path = Base.lproj/Main.storyboard; sourceTree = "<group>"; };
		1D04BB152AB4BA1600D0D66D /* Assets.xcassets */ = {isa = PBXFileReference; lastKnownFileType = folder.assetcatalog; path = Assets.xcassets; sourceTree = "<group>"; };
		1D04BB182AB4BA1600D0D66D /* Base */ = {isa = PBXFileReference; lastKnownFileType = file.storyboard; name = Base; path = Base.lproj/LaunchScreen.storyboard; sourceTree = "<group>"; };
		1D04BB1A2AB4BA1600D0D66D /* Info.plist */ = {isa = PBXFileReference; lastKnownFileType = text.plist.xml; path = Info.plist; sourceTree = "<group>"; };
		1D04BB212AB4BEBB00D0D66D /* JosefinSans-Regular.ttf */ = {isa = PBXFileReference; lastKnownFileType = file; path = "JosefinSans-Regular.ttf"; sourceTree = "<group>"; };
		1D04BB222AB4BEBB00D0D66D /* JosefinSans-SemiBold.ttf */ = {isa = PBXFileReference; lastKnownFileType = file; path = "JosefinSans-SemiBold.ttf"; sourceTree = "<group>"; };
		1D04BB232AB4BEBB00D0D66D /* JosefinSans-Bold.ttf */ = {isa = PBXFileReference; lastKnownFileType = file; path = "JosefinSans-Bold.ttf"; sourceTree = "<group>"; };
		1D16E49E2AB629A900894BF9 /* GoogleService-Info.plist */ = {isa = PBXFileReference; fileEncoding = 4; lastKnownFileType = text.plist.xml; path = "GoogleService-Info.plist"; sourceTree = "<group>"; };
		1D16E4A02AB629FE00894BF9 /* KeyboardHide.swift */ = {isa = PBXFileReference; lastKnownFileType = sourcecode.swift; path = KeyboardHide.swift; sourceTree = "<group>"; };
		1D1E1F7E2AF64DAF00426D43 /* Menu.swift */ = {isa = PBXFileReference; lastKnownFileType = sourcecode.swift; path = Menu.swift; sourceTree = "<group>"; };
		1D29E1972AB5704100F60BA4 /* DesignableTextField.swift */ = {isa = PBXFileReference; lastKnownFileType = sourcecode.swift; path = DesignableTextField.swift; sourceTree = "<group>"; };
		1D29E1992AB5985300F60BA4 /* LoginViewController.swift */ = {isa = PBXFileReference; lastKnownFileType = sourcecode.swift; path = LoginViewController.swift; sourceTree = "<group>"; };
		1D2E8EF92AD2AB9100A37600 /* SettingsViewController.swift */ = {isa = PBXFileReference; lastKnownFileType = sourcecode.swift; path = SettingsViewController.swift; sourceTree = "<group>"; };
		1D3EDCFB2ADD8143009201B1 /* MenuCollectionViewCell.swift */ = {isa = PBXFileReference; lastKnownFileType = sourcecode.swift; name = MenuCollectionViewCell.swift; path = FoodyBite/MenuCollectionViewCell.swift; sourceTree = SOURCE_ROOT; };
		1D3EDCFD2ADD814B009201B1 /* ReviewsCollectionViewCell.swift */ = {isa = PBXFileReference; lastKnownFileType = sourcecode.swift; path = ReviewsCollectionViewCell.swift; sourceTree = "<group>"; };
		1D3EDCFF2ADD93CE009201B1 /* CategoryViewController.swift */ = {isa = PBXFileReference; lastKnownFileType = sourcecode.swift; path = CategoryViewController.swift; sourceTree = "<group>"; };
		1D4610982AB5DD370036B032 /* LocationViewController.swift */ = {isa = PBXFileReference; lastKnownFileType = sourcecode.swift; path = LocationViewController.swift; sourceTree = "<group>"; };
		1D46109A2AB5DD470036B032 /* HomeViewController.swift */ = {isa = PBXFileReference; lastKnownFileType = sourcecode.swift; path = HomeViewController.swift; sourceTree = "<group>"; };
		1D4E44502ACDC140004B4A75 /* FriendsViewController.swift */ = {isa = PBXFileReference; lastKnownFileType = sourcecode.swift; path = FriendsViewController.swift; sourceTree = "<group>"; };
		1D4E44522ACDDC19004B4A75 /* ProfileViewController.swift */ = {isa = PBXFileReference; lastKnownFileType = sourcecode.swift; path = ProfileViewController.swift; sourceTree = "<group>"; };
		1D74CC882AC89C830004CADF /* TrendingViewController.swift */ = {isa = PBXFileReference; lastKnownFileType = sourcecode.swift; path = TrendingViewController.swift; sourceTree = "<group>"; };
		1D78D3AE2ACD2CAB00747419 /* CategoriesViewController.swift */ = {isa = PBXFileReference; lastKnownFileType = sourcecode.swift; path = CategoriesViewController.swift; sourceTree = "<group>"; };
		1D8CED862AC54BEC00E75660 /* JosefinSans-Medium.ttf */ = {isa = PBXFileReference; lastKnownFileType = file; path = "JosefinSans-Medium.ttf"; sourceTree = "<group>"; };
		1D93320E2ADD585100FB7FAD /* PasswordChangeViewController.swift */ = {isa = PBXFileReference; lastKnownFileType = sourcecode.swift; path = PasswordChangeViewController.swift; sourceTree = "<group>"; };
		1D93F3E32AB5C76B00F8969D /* ForgotPasswordViewController.swift */ = {isa = PBXFileReference; lastKnownFileType = sourcecode.swift; path = ForgotPasswordViewController.swift; sourceTree = "<group>"; };
		1D93F3E62AB5CBE000F8969D /* RegisterViewController.swift */ = {isa = PBXFileReference; lastKnownFileType = sourcecode.swift; path = RegisterViewController.swift; sourceTree = "<group>"; };
		1D984B1C2ABE11DF00931A0F /* TrendingCollectionViewCell.swift */ = {isa = PBXFileReference; lastKnownFileType = sourcecode.swift; path = TrendingCollectionViewCell.swift; sourceTree = "<group>"; };
		1D984B1E2ABE1C8B00931A0F /* Restaurants.swift */ = {isa = PBXFileReference; lastKnownFileType = sourcecode.swift; path = Restaurants.swift; sourceTree = "<group>"; };
		1D9F4B3F2AC1F024003BFFDD /* FriendsCollectionViewCell.swift */ = {isa = PBXFileReference; lastKnownFileType = sourcecode.swift; path = FriendsCollectionViewCell.swift; sourceTree = "<group>"; };
		1D9FDECD2ACC5F87004FE68A /* ViewMove.swift */ = {isa = PBXFileReference; lastKnownFileType = sourcecode.swift; path = ViewMove.swift; sourceTree = "<group>"; };
		1DA6D6E62AE221A70001798F /* ReviewViewController.swift */ = {isa = PBXFileReference; lastKnownFileType = sourcecode.swift; path = ReviewViewController.swift; sourceTree = "<group>"; };
		1DA9C8632ABB07B9007E5880 /* CategoryCollectionViewCell.swift */ = {isa = PBXFileReference; lastKnownFileType = sourcecode.swift; path = CategoryCollectionViewCell.swift; sourceTree = "<group>"; };
		1DA9C8652ABB16A1007E5880 /* HomeTabBarViewController.swift */ = {isa = PBXFileReference; lastKnownFileType = sourcecode.swift; path = HomeTabBarViewController.swift; sourceTree = "<group>"; };
		1DB804D42AF68235006DACDB /* MenuViewController.swift */ = {isa = PBXFileReference; lastKnownFileType = sourcecode.swift; path = MenuViewController.swift; sourceTree = "<group>"; };
		1DB804D62AF68240006DACDB /* ReviewsViewController.swift */ = {isa = PBXFileReference; lastKnownFileType = sourcecode.swift; path = ReviewsViewController.swift; sourceTree = "<group>"; };
		1DC02BAF2AB5C33900F38D15 /* JosefinSans-Light.ttf */ = {isa = PBXFileReference; lastKnownFileType = file; path = "JosefinSans-Light.ttf"; sourceTree = "<group>"; };
		1DC773FF2AF2B25D00457B60 /* UserIDClass.swift */ = {isa = PBXFileReference; lastKnownFileType = sourcecode.swift; path = UserIDClass.swift; sourceTree = "<group>"; };
		1DD5B8452ADCD61000128EE5 /* NameChangeViewController.swift */ = {isa = PBXFileReference; lastKnownFileType = sourcecode.swift; path = NameChangeViewController.swift; sourceTree = "<group>"; };
		1DD5B8472ADCD61B00128EE5 /* EmailChangeViewController.swift */ = {isa = PBXFileReference; lastKnownFileType = sourcecode.swift; path = EmailChangeViewController.swift; sourceTree = "<group>"; };
		1DD6FF992AF0A08200895D3E /* StarRatingStackView.swift */ = {isa = PBXFileReference; lastKnownFileType = sourcecode.swift; path = StarRatingStackView.swift; sourceTree = "<group>"; };
		1DD6FF9B2AF0C68F00895D3E /* PaddedTextView.swift */ = {isa = PBXFileReference; lastKnownFileType = sourcecode.swift; path = PaddedTextView.swift; sourceTree = "<group>"; };
		1DDE694A2AF76CF5004C82FC /* FullScreenImage.swift */ = {isa = PBXFileReference; lastKnownFileType = sourcecode.swift; path = FullScreenImage.swift; sourceTree = "<group>"; };
		1DF1A6122AEFA29E00D30B8D /* PaddedTextField.swift */ = {isa = PBXFileReference; lastKnownFileType = sourcecode.swift; path = PaddedTextField.swift; sourceTree = "<group>"; };
/* End PBXFileReference section */

/* Begin PBXFrameworksBuildPhase section */
		1D04BB062AB4BA1400D0D66D /* Frameworks */ = {
			isa = PBXFrameworksBuildPhase;
			buildActionMask = 2147483647;
			files = (
				1D16E4952AB6285000894BF9 /* FirebaseDatabase in Frameworks */,
				1D16E4972AB6285000894BF9 /* FirebaseFirestore in Frameworks */,
				1D16E4992AB6285000894BF9 /* FirebaseFunctions in Frameworks */,
				1D16E49B2AB6285000894BF9 /* FirebaseInstallations in Frameworks */,
				1D16E49D2AB6285000894BF9 /* FirebaseStorage in Frameworks */,
				1D16E4912AB6285000894BF9 /* FirebaseAnalytics in Frameworks */,
				1D16E4932AB6285000894BF9 /* FirebaseAuth in Frameworks */,
			);
			runOnlyForDeploymentPostprocessing = 0;
		};
/* End PBXFrameworksBuildPhase section */

/* Begin PBXGroup section */
		1D04BB002AB4BA1400D0D66D = {
			isa = PBXGroup;
			children = (
				1D04BB0B2AB4BA1400D0D66D /* FoodyBite */,
				1D04BB0A2AB4BA1400D0D66D /* Products */,
			);
			sourceTree = "<group>";
		};
		1D04BB0A2AB4BA1400D0D66D /* Products */ = {
			isa = PBXGroup;
			children = (
				1D04BB092AB4BA1400D0D66D /* FoodyBite.app */,
			);
			name = Products;
			sourceTree = "<group>";
		};
		1D04BB0B2AB4BA1400D0D66D /* FoodyBite */ = {
			isa = PBXGroup;
			children = (
				1D04BB0C2AB4BA1400D0D66D /* AppDelegate.swift */,
				1D04BB0E2AB4BA1400D0D66D /* SceneDelegate.swift */,
				1D04BB122AB4BA1400D0D66D /* Main.storyboard */,
				1D984B1E2ABE1C8B00931A0F /* Restaurants.swift */,
				1D1E1F7E2AF64DAF00426D43 /* Menu.swift */,
				1DD6FF992AF0A08200895D3E /* StarRatingStackView.swift */,
				1DC773FF2AF2B25D00457B60 /* UserIDClass.swift */,
				1DD5B8442ADCD5E000128EE5 /* ChangeVCs */,
				1D93F3E52AB5C77400F8969D /* ViewControllers */,
				1DA9C8622ABB0799007E5880 /* CollectionViewCells */,
				1D04BB152AB4BA1600D0D66D /* Assets.xcassets */,
				1D04BB172AB4BA1600D0D66D /* LaunchScreen.storyboard */,
				1D04BB1A2AB4BA1600D0D66D /* Info.plist */,
				1D16E49E2AB629A900894BF9 /* GoogleService-Info.plist */,
				1D9FDECC2ACC5F6D004FE68A /* DesignStuff */,
				1D04BB202AB4BDF300D0D66D /* Font */,
			);
			path = FoodyBite;
			sourceTree = "<group>";
		};
		1D04BB202AB4BDF300D0D66D /* Font */ = {
			isa = PBXGroup;
			children = (
				1DC02BAF2AB5C33900F38D15 /* JosefinSans-Light.ttf */,
				1D04BB232AB4BEBB00D0D66D /* JosefinSans-Bold.ttf */,
				1D04BB212AB4BEBB00D0D66D /* JosefinSans-Regular.ttf */,
				1D8CED862AC54BEC00E75660 /* JosefinSans-Medium.ttf */,
				1D04BB222AB4BEBB00D0D66D /* JosefinSans-SemiBold.ttf */,
			);
			path = Font;
			sourceTree = "<group>";
		};
		1D93F3E52AB5C77400F8969D /* ViewControllers */ = {
			isa = PBXGroup;
			children = (
				1D29E1992AB5985300F60BA4 /* LoginViewController.swift */,
				1D93F3E32AB5C76B00F8969D /* ForgotPasswordViewController.swift */,
				1D93F3E62AB5CBE000F8969D /* RegisterViewController.swift */,
				1D4610982AB5DD370036B032 /* LocationViewController.swift */,
				1D46109A2AB5DD470036B032 /* HomeViewController.swift */,
				1DA9C8652ABB16A1007E5880 /* HomeTabBarViewController.swift */,
				1D74CC882AC89C830004CADF /* TrendingViewController.swift */,
				1D78D3AE2ACD2CAB00747419 /* CategoriesViewController.swift */,
				1D3EDCFF2ADD93CE009201B1 /* CategoryViewController.swift */,
				1D4E44502ACDC140004B4A75 /* FriendsViewController.swift */,
				1D4E44522ACDDC19004B4A75 /* ProfileViewController.swift */,
				1D2E8EF92AD2AB9100A37600 /* SettingsViewController.swift */,
				1D01C5BF2AD9AAEA00C8AB00 /* RestaurantsViewController.swift */,
				1DB804D42AF68235006DACDB /* MenuViewController.swift */,
				1DB804D62AF68240006DACDB /* ReviewsViewController.swift */,
				1DA6D6E62AE221A70001798F /* ReviewViewController.swift */,
			);
			path = ViewControllers;
			sourceTree = "<group>";
		};
		1D9FDECC2ACC5F6D004FE68A /* DesignStuff */ = {
			isa = PBXGroup;
			children = (
				1D16E4A02AB629FE00894BF9 /* KeyboardHide.swift */,
				1D9FDECD2ACC5F87004FE68A /* ViewMove.swift */,
				1DDE694A2AF76CF5004C82FC /* FullScreenImage.swift */,
				1D29E1972AB5704100F60BA4 /* DesignableTextField.swift */,
				1DF1A6122AEFA29E00D30B8D /* PaddedTextField.swift */,
				1DD6FF9B2AF0C68F00895D3E /* PaddedTextView.swift */,
			);
			path = DesignStuff;
			sourceTree = "<group>";
		};
		1DA9C8622ABB0799007E5880 /* CollectionViewCells */ = {
			isa = PBXGroup;
			children = (
				1DA9C8632ABB07B9007E5880 /* CategoryCollectionViewCell.swift */,
				1D9F4B3F2AC1F024003BFFDD /* FriendsCollectionViewCell.swift */,
				1D984B1C2ABE11DF00931A0F /* TrendingCollectionViewCell.swift */,
				1D3EDCFB2ADD8143009201B1 /* MenuCollectionViewCell.swift */,
				1D3EDCFD2ADD814B009201B1 /* ReviewsCollectionViewCell.swift */,
			);
			path = CollectionViewCells;
			sourceTree = "<group>";
		};
		1DD5B8442ADCD5E000128EE5 /* ChangeVCs */ = {
			isa = PBXGroup;
			children = (
				1DD5B8452ADCD61000128EE5 /* NameChangeViewController.swift */,
				1DD5B8472ADCD61B00128EE5 /* EmailChangeViewController.swift */,
				1D93320E2ADD585100FB7FAD /* PasswordChangeViewController.swift */,
			);
			path = ChangeVCs;
			sourceTree = "<group>";
		};
/* End PBXGroup section */

/* Begin PBXNativeTarget section */
		1D04BB082AB4BA1400D0D66D /* FoodyBite */ = {
			isa = PBXNativeTarget;
			buildConfigurationList = 1D04BB1D2AB4BA1600D0D66D /* Build configuration list for PBXNativeTarget "FoodyBite" */;
			buildPhases = (
				1D04BB052AB4BA1400D0D66D /* Sources */,
				1D04BB062AB4BA1400D0D66D /* Frameworks */,
				1D04BB072AB4BA1400D0D66D /* Resources */,
			);
			buildRules = (
			);
			dependencies = (
			);
			name = FoodyBite;
			packageProductDependencies = (
				1D16E4902AB6285000894BF9 /* FirebaseAnalytics */,
				1D16E4922AB6285000894BF9 /* FirebaseAuth */,
				1D16E4942AB6285000894BF9 /* FirebaseDatabase */,
				1D16E4962AB6285000894BF9 /* FirebaseFirestore */,
				1D16E4982AB6285000894BF9 /* FirebaseFunctions */,
				1D16E49A2AB6285000894BF9 /* FirebaseInstallations */,
				1D16E49C2AB6285000894BF9 /* FirebaseStorage */,
			);
			productName = FoodyBite;
			productReference = 1D04BB092AB4BA1400D0D66D /* FoodyBite.app */;
			productType = "com.apple.product-type.application";
		};
/* End PBXNativeTarget section */

/* Begin PBXProject section */
		1D04BB012AB4BA1400D0D66D /* Project object */ = {
			isa = PBXProject;
			attributes = {
				BuildIndependentTargetsInParallel = 1;
				LastSwiftUpdateCheck = 1430;
				LastUpgradeCheck = 1500;
				TargetAttributes = {
					1D04BB082AB4BA1400D0D66D = {
						CreatedOnToolsVersion = 14.3.1;
					};
				};
			};
			buildConfigurationList = 1D04BB042AB4BA1400D0D66D /* Build configuration list for PBXProject "FoodyBite" */;
			compatibilityVersion = "Xcode 14.0";
			developmentRegion = en;
			hasScannedForEncodings = 0;
			knownRegions = (
				en,
				Base,
			);
			mainGroup = 1D04BB002AB4BA1400D0D66D;
			packageReferences = (
				1D16E48F2AB6285000894BF9 /* XCRemoteSwiftPackageReference "firebase-ios-sdk" */,
			);
			productRefGroup = 1D04BB0A2AB4BA1400D0D66D /* Products */;
			projectDirPath = "";
			projectRoot = "";
			targets = (
				1D04BB082AB4BA1400D0D66D /* FoodyBite */,
			);
		};
/* End PBXProject section */

/* Begin PBXResourcesBuildPhase section */
		1D04BB072AB4BA1400D0D66D /* Resources */ = {
			isa = PBXResourcesBuildPhase;
			buildActionMask = 2147483647;
			files = (
				1D04BB192AB4BA1600D0D66D /* LaunchScreen.storyboard in Resources */,
				1D16E49F2AB629AA00894BF9 /* GoogleService-Info.plist in Resources */,
				1DC02BAE2AB59B2900F38D15 /* JosefinSans-Regular.ttf in Resources */,
				1D04BB162AB4BA1600D0D66D /* Assets.xcassets in Resources */,
				1D04BB142AB4BA1400D0D66D /* Main.storyboard in Resources */,
				1DC02BAC2AB59B2300F38D15 /* JosefinSans-SemiBold.ttf in Resources */,
				1DC02BAD2AB59B2600F38D15 /* JosefinSans-Bold.ttf in Resources */,
				1DC02BB02AB5C33900F38D15 /* JosefinSans-Light.ttf in Resources */,
				1D8CED872AC54BEC00E75660 /* JosefinSans-Medium.ttf in Resources */,
			);
			runOnlyForDeploymentPostprocessing = 0;
		};
/* End PBXResourcesBuildPhase section */

/* Begin PBXSourcesBuildPhase section */
		1D04BB052AB4BA1400D0D66D /* Sources */ = {
			isa = PBXSourcesBuildPhase;
			buildActionMask = 2147483647;
			files = (
				1DA9C8662ABB16A1007E5880 /* HomeTabBarViewController.swift in Sources */,
				1DF1A6132AEFA29E00D30B8D /* PaddedTextField.swift in Sources */,
				1D4610992AB5DD370036B032 /* LocationViewController.swift in Sources */,
				1DD5B8462ADCD61000128EE5 /* NameChangeViewController.swift in Sources */,
				1D93320F2ADD585100FB7FAD /* PasswordChangeViewController.swift in Sources */,
				1D2E8EFA2AD2AB9100A37600 /* SettingsViewController.swift in Sources */,
				1D4E44532ACDDC19004B4A75 /* ProfileViewController.swift in Sources */,
				1D74CC892AC89C830004CADF /* TrendingViewController.swift in Sources */,
				1DC774002AF2B25D00457B60 /* UserIDClass.swift in Sources */,
				1D9F4B402AC1F024003BFFDD /* FriendsCollectionViewCell.swift in Sources */,
				1DDE694B2AF76CF5004C82FC /* FullScreenImage.swift in Sources */,
				1D984B1F2ABE1C8B00931A0F /* Restaurants.swift in Sources */,
				1D78D3AF2ACD2CAB00747419 /* CategoriesViewController.swift in Sources */,
				1D984B1D2ABE11DF00931A0F /* TrendingCollectionViewCell.swift in Sources */,
				1D29E19A2AB5985300F60BA4 /* LoginViewController.swift in Sources */,
				1D93F3E42AB5C76B00F8969D /* ForgotPasswordViewController.swift in Sources */,
				1D16E4A12AB629FE00894BF9 /* KeyboardHide.swift in Sources */,
				1D01C5C02AD9AAEA00C8AB00 /* RestaurantsViewController.swift in Sources */,
				1D3EDD002ADD93CE009201B1 /* CategoryViewController.swift in Sources */,
				1DD6FF9C2AF0C68F00895D3E /* PaddedTextView.swift in Sources */,
				1D46109B2AB5DD470036B032 /* HomeViewController.swift in Sources */,
				1D3EDCFC2ADD8143009201B1 /* MenuCollectionViewCell.swift in Sources */,
				1DB804D72AF68240006DACDB /* ReviewsViewController.swift in Sources */,
				1D04BB0D2AB4BA1400D0D66D /* AppDelegate.swift in Sources */,
				1DD5B8482ADCD61B00128EE5 /* EmailChangeViewController.swift in Sources */,
				1D4E44512ACDC140004B4A75 /* FriendsViewController.swift in Sources */,
				1D3EDCFE2ADD814B009201B1 /* ReviewsCollectionViewCell.swift in Sources */,
				1D9FDECE2ACC5F87004FE68A /* ViewMove.swift in Sources */,
				1DA9C8642ABB07B9007E5880 /* CategoryCollectionViewCell.swift in Sources */,
				1D93F3E72AB5CBE000F8969D /* RegisterViewController.swift in Sources */,
				1D04BB0F2AB4BA1400D0D66D /* SceneDelegate.swift in Sources */,
				1D1E1F7F2AF64DAF00426D43 /* Menu.swift in Sources */,
				1DB804D52AF68235006DACDB /* MenuViewController.swift in Sources */,
				1D29E1982AB5704100F60BA4 /* DesignableTextField.swift in Sources */,
				1DA6D6E72AE221A70001798F /* ReviewViewController.swift in Sources */,
				1DD6FF9A2AF0A08200895D3E /* StarRatingStackView.swift in Sources */,
			);
			runOnlyForDeploymentPostprocessing = 0;
		};
/* End PBXSourcesBuildPhase section */

/* Begin PBXVariantGroup section */
		1D04BB122AB4BA1400D0D66D /* Main.storyboard */ = {
			isa = PBXVariantGroup;
			children = (
				1D04BB132AB4BA1400D0D66D /* Base */,
			);
			name = Main.storyboard;
			sourceTree = "<group>";
		};
		1D04BB172AB4BA1600D0D66D /* LaunchScreen.storyboard */ = {
			isa = PBXVariantGroup;
			children = (
				1D04BB182AB4BA1600D0D66D /* Base */,
			);
			name = LaunchScreen.storyboard;
			sourceTree = "<group>";
		};
/* End PBXVariantGroup section */

/* Begin XCBuildConfiguration section */
		1D04BB1B2AB4BA1600D0D66D /* Debug */ = {
			isa = XCBuildConfiguration;
			buildSettings = {
				ALWAYS_SEARCH_USER_PATHS = NO;
				CLANG_ANALYZER_NONNULL = YES;
				CLANG_ANALYZER_NUMBER_OBJECT_CONVERSION = YES_AGGRESSIVE;
				CLANG_CXX_LANGUAGE_STANDARD = "gnu++20";
				CLANG_ENABLE_MODULES = YES;
				CLANG_ENABLE_OBJC_ARC = YES;
				CLANG_ENABLE_OBJC_WEAK = YES;
				CLANG_WARN_BLOCK_CAPTURE_AUTORELEASING = YES;
				CLANG_WARN_BOOL_CONVERSION = YES;
				CLANG_WARN_COMMA = YES;
				CLANG_WARN_CONSTANT_CONVERSION = YES;
				CLANG_WARN_DEPRECATED_OBJC_IMPLEMENTATIONS = YES;
				CLANG_WARN_DIRECT_OBJC_ISA_USAGE = YES_ERROR;
				CLANG_WARN_DOCUMENTATION_COMMENTS = YES;
				CLANG_WARN_EMPTY_BODY = YES;
				CLANG_WARN_ENUM_CONVERSION = YES;
				CLANG_WARN_INFINITE_RECURSION = YES;
				CLANG_WARN_INT_CONVERSION = YES;
				CLANG_WARN_NON_LITERAL_NULL_CONVERSION = YES;
				CLANG_WARN_OBJC_IMPLICIT_RETAIN_SELF = YES;
				CLANG_WARN_OBJC_LITERAL_CONVERSION = YES;
				CLANG_WARN_OBJC_ROOT_CLASS = YES_ERROR;
				CLANG_WARN_QUOTED_INCLUDE_IN_FRAMEWORK_HEADER = YES;
				CLANG_WARN_RANGE_LOOP_ANALYSIS = YES;
				CLANG_WARN_STRICT_PROTOTYPES = YES;
				CLANG_WARN_SUSPICIOUS_MOVE = YES;
				CLANG_WARN_UNGUARDED_AVAILABILITY = YES_AGGRESSIVE;
				CLANG_WARN_UNREACHABLE_CODE = YES;
				CLANG_WARN__DUPLICATE_METHOD_MATCH = YES;
				COPY_PHASE_STRIP = NO;
				DEBUG_INFORMATION_FORMAT = dwarf;
				ENABLE_STRICT_OBJC_MSGSEND = YES;
				ENABLE_TESTABILITY = YES;
				ENABLE_USER_SCRIPT_SANDBOXING = YES;
				GCC_C_LANGUAGE_STANDARD = gnu11;
				GCC_DYNAMIC_NO_PIC = NO;
				GCC_NO_COMMON_BLOCKS = YES;
				GCC_OPTIMIZATION_LEVEL = 0;
				GCC_PREPROCESSOR_DEFINITIONS = (
					"DEBUG=1",
					"$(inherited)",
				);
				GCC_WARN_64_TO_32_BIT_CONVERSION = YES;
				GCC_WARN_ABOUT_RETURN_TYPE = YES_ERROR;
				GCC_WARN_UNDECLARED_SELECTOR = YES;
				GCC_WARN_UNINITIALIZED_AUTOS = YES_AGGRESSIVE;
				GCC_WARN_UNUSED_FUNCTION = YES;
				GCC_WARN_UNUSED_VARIABLE = YES;
				IPHONEOS_DEPLOYMENT_TARGET = 16.4;
				MTL_ENABLE_DEBUG_INFO = INCLUDE_SOURCE;
				MTL_FAST_MATH = YES;
				ONLY_ACTIVE_ARCH = YES;
				SDKROOT = iphoneos;
				SWIFT_ACTIVE_COMPILATION_CONDITIONS = DEBUG;
				SWIFT_OPTIMIZATION_LEVEL = "-Onone";
			};
			name = Debug;
		};
		1D04BB1C2AB4BA1600D0D66D /* Release */ = {
			isa = XCBuildConfiguration;
			buildSettings = {
				ALWAYS_SEARCH_USER_PATHS = NO;
				CLANG_ANALYZER_NONNULL = YES;
				CLANG_ANALYZER_NUMBER_OBJECT_CONVERSION = YES_AGGRESSIVE;
				CLANG_CXX_LANGUAGE_STANDARD = "gnu++20";
				CLANG_ENABLE_MODULES = YES;
				CLANG_ENABLE_OBJC_ARC = YES;
				CLANG_ENABLE_OBJC_WEAK = YES;
				CLANG_WARN_BLOCK_CAPTURE_AUTORELEASING = YES;
				CLANG_WARN_BOOL_CONVERSION = YES;
				CLANG_WARN_COMMA = YES;
				CLANG_WARN_CONSTANT_CONVERSION = YES;
				CLANG_WARN_DEPRECATED_OBJC_IMPLEMENTATIONS = YES;
				CLANG_WARN_DIRECT_OBJC_ISA_USAGE = YES_ERROR;
				CLANG_WARN_DOCUMENTATION_COMMENTS = YES;
				CLANG_WARN_EMPTY_BODY = YES;
				CLANG_WARN_ENUM_CONVERSION = YES;
				CLANG_WARN_INFINITE_RECURSION = YES;
				CLANG_WARN_INT_CONVERSION = YES;
				CLANG_WARN_NON_LITERAL_NULL_CONVERSION = YES;
				CLANG_WARN_OBJC_IMPLICIT_RETAIN_SELF = YES;
				CLANG_WARN_OBJC_LITERAL_CONVERSION = YES;
				CLANG_WARN_OBJC_ROOT_CLASS = YES_ERROR;
				CLANG_WARN_QUOTED_INCLUDE_IN_FRAMEWORK_HEADER = YES;
				CLANG_WARN_RANGE_LOOP_ANALYSIS = YES;
				CLANG_WARN_STRICT_PROTOTYPES = YES;
				CLANG_WARN_SUSPICIOUS_MOVE = YES;
				CLANG_WARN_UNGUARDED_AVAILABILITY = YES_AGGRESSIVE;
				CLANG_WARN_UNREACHABLE_CODE = YES;
				CLANG_WARN__DUPLICATE_METHOD_MATCH = YES;
				COPY_PHASE_STRIP = NO;
				DEBUG_INFORMATION_FORMAT = "dwarf-with-dsym";
				ENABLE_NS_ASSERTIONS = NO;
				ENABLE_STRICT_OBJC_MSGSEND = YES;
				ENABLE_USER_SCRIPT_SANDBOXING = YES;
				GCC_C_LANGUAGE_STANDARD = gnu11;
				GCC_NO_COMMON_BLOCKS = YES;
				GCC_WARN_64_TO_32_BIT_CONVERSION = YES;
				GCC_WARN_ABOUT_RETURN_TYPE = YES_ERROR;
				GCC_WARN_UNDECLARED_SELECTOR = YES;
				GCC_WARN_UNINITIALIZED_AUTOS = YES_AGGRESSIVE;
				GCC_WARN_UNUSED_FUNCTION = YES;
				GCC_WARN_UNUSED_VARIABLE = YES;
				IPHONEOS_DEPLOYMENT_TARGET = 16.4;
				MTL_ENABLE_DEBUG_INFO = NO;
				MTL_FAST_MATH = YES;
				SDKROOT = iphoneos;
				SWIFT_COMPILATION_MODE = wholemodule;
				SWIFT_OPTIMIZATION_LEVEL = "-O";
				VALIDATE_PRODUCT = YES;
			};
			name = Release;
		};
		1D04BB1E2AB4BA1600D0D66D /* Debug */ = {
			isa = XCBuildConfiguration;
			buildSettings = {
				ASSETCATALOG_COMPILER_APPICON_NAME = AppIcon;
				ASSETCATALOG_COMPILER_GLOBAL_ACCENT_COLOR_NAME = AccentColor;
				CODE_SIGN_STYLE = Automatic;
				CURRENT_PROJECT_VERSION = 1;
				DEVELOPMENT_TEAM = W8RLJ8MS39;
				GENERATE_INFOPLIST_FILE = YES;
				INFOPLIST_FILE = FoodyBite/Info.plist;
				INFOPLIST_KEY_UIApplicationSupportsIndirectInputEvents = YES;
				INFOPLIST_KEY_UILaunchStoryboardName = LaunchScreen;
				INFOPLIST_KEY_UIMainStoryboardFile = Main;
				INFOPLIST_KEY_UISupportedInterfaceOrientations_iPad = "UIInterfaceOrientationPortrait UIInterfaceOrientationPortraitUpsideDown UIInterfaceOrientationLandscapeLeft UIInterfaceOrientationLandscapeRight";
				INFOPLIST_KEY_UISupportedInterfaceOrientations_iPhone = "UIInterfaceOrientationPortrait UIInterfaceOrientationLandscapeLeft UIInterfaceOrientationLandscapeRight";
				LD_RUNPATH_SEARCH_PATHS = (
					"$(inherited)",
					"@executable_path/Frameworks",
				);
				MARKETING_VERSION = 1.0;
				PRODUCT_BUNDLE_IDENTIFIER = com.FoodyBite;
				PRODUCT_NAME = "$(TARGET_NAME)";
				SWIFT_EMIT_LOC_STRINGS = YES;
				SWIFT_VERSION = 5.0;
				TARGETED_DEVICE_FAMILY = "1,2";
			};
			name = Debug;
		};
		1D04BB1F2AB4BA1600D0D66D /* Release */ = {
			isa = XCBuildConfiguration;
			buildSettings = {
				ASSETCATALOG_COMPILER_APPICON_NAME = AppIcon;
				ASSETCATALOG_COMPILER_GLOBAL_ACCENT_COLOR_NAME = AccentColor;
				CODE_SIGN_STYLE = Automatic;
				CURRENT_PROJECT_VERSION = 1;
				DEVELOPMENT_TEAM = W8RLJ8MS39;
				GENERATE_INFOPLIST_FILE = YES;
				INFOPLIST_FILE = FoodyBite/Info.plist;
				INFOPLIST_KEY_UIApplicationSupportsIndirectInputEvents = YES;
				INFOPLIST_KEY_UILaunchStoryboardName = LaunchScreen;
				INFOPLIST_KEY_UIMainStoryboardFile = Main;
				INFOPLIST_KEY_UISupportedInterfaceOrientations_iPad = "UIInterfaceOrientationPortrait UIInterfaceOrientationPortraitUpsideDown UIInterfaceOrientationLandscapeLeft UIInterfaceOrientationLandscapeRight";
				INFOPLIST_KEY_UISupportedInterfaceOrientations_iPhone = "UIInterfaceOrientationPortrait UIInterfaceOrientationLandscapeLeft UIInterfaceOrientationLandscapeRight";
				LD_RUNPATH_SEARCH_PATHS = (
					"$(inherited)",
					"@executable_path/Frameworks",
				);
				MARKETING_VERSION = 1.0;
				PRODUCT_BUNDLE_IDENTIFIER = com.FoodyBite;
				PRODUCT_NAME = "$(TARGET_NAME)";
				SWIFT_EMIT_LOC_STRINGS = YES;
				SWIFT_VERSION = 5.0;
				TARGETED_DEVICE_FAMILY = "1,2";
			};
			name = Release;
		};
/* End XCBuildConfiguration section */

/* Begin XCConfigurationList section */
		1D04BB042AB4BA1400D0D66D /* Build configuration list for PBXProject "FoodyBite" */ = {
			isa = XCConfigurationList;
			buildConfigurations = (
				1D04BB1B2AB4BA1600D0D66D /* Debug */,
				1D04BB1C2AB4BA1600D0D66D /* Release */,
			);
			defaultConfigurationIsVisible = 0;
			defaultConfigurationName = Release;
		};
		1D04BB1D2AB4BA1600D0D66D /* Build configuration list for PBXNativeTarget "FoodyBite" */ = {
			isa = XCConfigurationList;
			buildConfigurations = (
				1D04BB1E2AB4BA1600D0D66D /* Debug */,
				1D04BB1F2AB4BA1600D0D66D /* Release */,
			);
			defaultConfigurationIsVisible = 0;
			defaultConfigurationName = Release;
		};
/* End XCConfigurationList section */

/* Begin XCRemoteSwiftPackageReference section */
		1D16E48F2AB6285000894BF9 /* XCRemoteSwiftPackageReference "firebase-ios-sdk" */ = {
			isa = XCRemoteSwiftPackageReference;
			repositoryURL = "https://github.com/firebase/firebase-ios-sdk.git";
			requirement = {
				kind = upToNextMajorVersion;
				minimumVersion = 10.0.0;
			};
		};
/* End XCRemoteSwiftPackageReference section */

/* Begin XCSwiftPackageProductDependency section */
		1D16E4902AB6285000894BF9 /* FirebaseAnalytics */ = {
			isa = XCSwiftPackageProductDependency;
			package = 1D16E48F2AB6285000894BF9 /* XCRemoteSwiftPackageReference "firebase-ios-sdk" */;
			productName = FirebaseAnalytics;
		};
		1D16E4922AB6285000894BF9 /* FirebaseAuth */ = {
			isa = XCSwiftPackageProductDependency;
			package = 1D16E48F2AB6285000894BF9 /* XCRemoteSwiftPackageReference "firebase-ios-sdk" */;
			productName = FirebaseAuth;
		};
		1D16E4942AB6285000894BF9 /* FirebaseDatabase */ = {
			isa = XCSwiftPackageProductDependency;
			package = 1D16E48F2AB6285000894BF9 /* XCRemoteSwiftPackageReference "firebase-ios-sdk" */;
			productName = FirebaseDatabase;
		};
		1D16E4962AB6285000894BF9 /* FirebaseFirestore */ = {
			isa = XCSwiftPackageProductDependency;
			package = 1D16E48F2AB6285000894BF9 /* XCRemoteSwiftPackageReference "firebase-ios-sdk" */;
			productName = FirebaseFirestore;
		};
		1D16E4982AB6285000894BF9 /* FirebaseFunctions */ = {
			isa = XCSwiftPackageProductDependency;
			package = 1D16E48F2AB6285000894BF9 /* XCRemoteSwiftPackageReference "firebase-ios-sdk" */;
			productName = FirebaseFunctions;
		};
		1D16E49A2AB6285000894BF9 /* FirebaseInstallations */ = {
			isa = XCSwiftPackageProductDependency;
			package = 1D16E48F2AB6285000894BF9 /* XCRemoteSwiftPackageReference "firebase-ios-sdk" */;
			productName = FirebaseInstallations;
		};
		1D16E49C2AB6285000894BF9 /* FirebaseStorage */ = {
			isa = XCSwiftPackageProductDependency;
			package = 1D16E48F2AB6285000894BF9 /* XCRemoteSwiftPackageReference "firebase-ios-sdk" */;
			productName = FirebaseStorage;
		};
/* End XCSwiftPackageProductDependency section */
	};
	rootObject = 1D04BB012AB4BA1400D0D66D /* Project object */;
}
